
Microsoft Visual Studio Solution File, Format Version 12.00
# Visual Studio Version 16
VisualStudioVersion = 16.0.30621.155
MinimumVisualStudioVersion = 10.0.40219.1
Project("{FAE04EC0-301F-11D3-BF4B-00C04F79EFBC}") = "TestConsola", "TestConsola\TestConsola.csproj", "{D78DF924-4295-49BD-B992-54B45B862CB1}"
EndProject
Project("{FAE04EC0-301F-11D3-BF4B-00C04F79EFBC}") = "NegocioForms", "NegocioForms\NegocioForms.csproj", "{1BE54DBD-7D24-4981-8B68-49A7715E94C4}"
EndProject
Project("{FAE04EC0-301F-11D3-BF4B-00C04F79EFBC}") = "Entidades", "Entidades\Entidades.csproj", "{5702708C-6AB1-407C-A549-3DC30F0EB884}"
EndProject
Project("{FAE04EC0-301F-11D3-BF4B-00C04F79EFBC}") = "Archivos", "Archivos\Archivos.csproj", "{9996C61E-445F-4BDC-9E1F-768B4A3A29BB}"
EndProject
Project("{FAE04EC0-301F-11D3-BF4B-00C04F79EFBC}") = "Excepciones", "Excepciones\Excepciones.csproj", "{135FCB6B-B443-43F9-8B09-E0C103BD7F78}"
EndProject
Project("{FAE04EC0-301F-11D3-BF4B-00C04F79EFBC}") = "PruebaExcepciones", "PruebaExcepciones\PruebaExcepciones.csproj", "{A15F3EED-7AB5-40E8-9B07-DBAAEC138E50}"
EndProject
Global
	GlobalSection(SolutionConfigurationPlatforms) = preSolution
		Debug|Any CPU = Debug|Any CPU
		Release|Any CPU = Release|Any CPU
	EndGlobalSection
	GlobalSection(ProjectConfigurationPlatforms) = postSolution
		{D78DF924-4295-49BD-B992-54B45B862CB1}.Debug|Any CPU.ActiveCfg = Debug|Any CPU
		{D78DF924-4295-49BD-B992-54B45B862CB1}.Debug|Any CPU.Build.0 = Debug|Any CPU
		{D78DF924-4295-49BD-B992-54B45B862CB1}.Release|Any CPU.ActiveCfg = Release|Any CPU
		{D78DF924-4295-49BD-B992-54B45B862CB1}.Release|Any CPU.Build.0 = Release|Any CPU
		{1BE54DBD-7D24-4981-8B68-49A7715E94C4}.Debug|Any CPU.ActiveCfg = Debug|Any CPU
		{1BE54DBD-7D24-4981-8B68-49A7715E94C4}.Debug|Any CPU.Build.0 = Debug|Any CPU
		{1BE54DBD-7D24-4981-8B68-49A7715E94C4}.Release|Any CPU.ActiveCfg = Release|Any CPU
		{1BE54DBD-7D24-4981-8B68-49A7715E94C4}.Release|Any CPU.Build.0 = Release|Any CPU
		{5702708C-6AB1-407C-A549-3DC30F0EB884}.Debug|Any CPU.ActiveCfg = Debug|Any CPU
		{5702708C-6AB1-407C-A549-3DC30F0EB884}.Debug|Any CPU.Build.0 = Debug|Any CPU
		{5702708C-6AB1-407C-A549-3DC30F0EB884}.Release|Any CPU.ActiveCfg = Release|Any CPU
		{5702708C-6AB1-407C-A549-3DC30F0EB884}.Release|Any CPU.Build.0 = Release|Any CPU
		{9996C61E-445F-4BDC-9E1F-768B4A3A29BB}.Debug|Any CPU.ActiveCfg = Debug|Any CPU
		{9996C61E-445F-4BDC-9E1F-768B4A3A29BB}.Debug|Any CPU.Build.0 = Debug|Any CPU
		{9996C61E-445F-4BDC-9E1F-768B4A3A29BB}.Release|Any CPU.ActiveCfg = Release|Any CPU
		{9996C61E-445F-4BDC-9E1F-768B4A3A29BB}.Release|Any CPU.Build.0 = Release|Any CPU
		{135FCB6B-B443-43F9-8B09-E0C103BD7F78}.Debug|Any CPU.ActiveCfg = Debug|Any CPU
		{135FCB6B-B443-43F9-8B09-E0C103BD7F78}.Debug|Any CPU.Build.0 = Debug|Any CPU
		{135FCB6B-B443-43F9-8B09-E0C103BD7F78}.Release|Any CPU.ActiveCfg = Release|Any CPU
		{135FCB6B-B443-43F9-8B09-E0C103BD7F78}.Release|Any CPU.Build.0 = Release|Any CPU
		{A15F3EED-7AB5-40E8-9B07-DBAAEC138E50}.Debug|Any CPU.ActiveCfg = Debug|Any CPU
		{A15F3EED-7AB5-40E8-9B07-DBAAEC138E50}.Debug|Any CPU.Build.0 = Debug|Any CPU
		{A15F3EED-7AB5-40E8-9B07-DBAAEC138E50}.Release|Any CPU.ActiveCfg = Release|Any CPU
		{A15F3EED-7AB5-40E8-9B07-DBAAEC138E50}.Release|Any CPU.Build.0 = Release|Any CPU
	EndGlobalSection
	GlobalSection(SolutionProperties) = preSolution
		HideSolutionNode = FALSE
	EndGlobalSection
	GlobalSection(ExtensibilityGlobals) = postSolution
		SolutionGuid = {F3735F7E-0C0D-4AD1-B01F-EE61107616F3}
	EndGlobalSection
EndGlobal
